
Microsoft Visual Studio Solution File, Format Version 12.00
# Visual Studio Version 16
VisualStudioVersion = 16.0.31019.35
MinimumVisualStudioVersion = 10.0.40219.1
Project("{9A19103F-16F7-4668-BE54-9A1E7A4F7556}") = "CakeShop.Web", "CakeShop.Web\CakeShop.Web.csproj", "{B95E3E0A-817E-40AD-A363-4928DE72862A}"
EndProject
Global
	GlobalSection(SolutionConfigurationPlatforms) = preSolution
		Debug|Any CPU = Debug|Any CPU
		Release|Any CPU = Release|Any CPU
	EndGlobalSection
	GlobalSection(ProjectConfigurationPlatforms) = postSolution
		{B95E3E0A-817E-40AD-A363-4928DE72862A}.Debug|Any CPU.ActiveCfg = Debug|Any CPU
		{B95E3E0A-817E-40AD-A363-4928DE72862A}.Debug|Any CPU.Build.0 = Debug|Any CPU
		{B95E3E0A-817E-40AD-A363-4928DE72862A}.Release|Any CPU.ActiveCfg = Release|Any CPU
		{B95E3E0A-817E-40AD-A363-4928DE72862A}.Release|Any CPU.Build.0 = Release|Any CPU
	EndGlobalSection
	GlobalSection(SolutionProperties) = preSolution
		HideSolutionNode = FALSE
	EndGlobalSection
	GlobalSection(ExtensibilityGlobals) = postSolution
		SolutionGuid = {CAD5EDAD-AE93-400E-8C43-C605178734B1}
	EndGlobalSection
EndGlobal
